
Microsoft Visual Studio Solution File, Format Version 11.00
# Visual Studio 2010
Project("{FAE04EC0-301F-11D3-BF4B-00C04F79EFBC}") = "OnlineGame", "Assembly-CSharp.csproj", "{598BDEE7-27A9-3F2D-8C4A-0237A49E362D}"
EndProject
Project("{FAE04EC0-301F-11D3-BF4B-00C04F79EFBC}") = "OnlineGame", "Assembly-CSharp-Editor.csproj", "{280B95F7-F24E-4ADF-1D22-BE40B246B1DF}"
EndProject
Global
	GlobalSection(SolutionConfigurationPlatforms) = preSolution
		Debug|Any CPU = Debug|Any CPU
		Release|Any CPU = Release|Any CPU
	EndGlobalSection
	GlobalSection(ProjectConfigurationPlatforms) = postSolution
		{598BDEE7-27A9-3F2D-8C4A-0237A49E362D}.Debug|Any CPU.ActiveCfg = Debug|Any CPU
		{598BDEE7-27A9-3F2D-8C4A-0237A49E362D}.Debug|Any CPU.Build.0 = Debug|Any CPU
		{598BDEE7-27A9-3F2D-8C4A-0237A49E362D}.Release|Any CPU.ActiveCfg = Release|Any CPU
		{598BDEE7-27A9-3F2D-8C4A-0237A49E362D}.Release|Any CPU.Build.0 = Release|Any CPU
		{280B95F7-F24E-4ADF-1D22-BE40B246B1DF}.Debug|Any CPU.ActiveCfg = Debug|Any CPU
		{280B95F7-F24E-4ADF-1D22-BE40B246B1DF}.Debug|Any CPU.Build.0 = Debug|Any CPU
		{280B95F7-F24E-4ADF-1D22-BE40B246B1DF}.Release|Any CPU.ActiveCfg = Release|Any CPU
		{280B95F7-F24E-4ADF-1D22-BE40B246B1DF}.Release|Any CPU.Build.0 = Release|Any CPU
	EndGlobalSection
	GlobalSection(SolutionProperties) = preSolution
		HideSolutionNode = FALSE
	EndGlobalSection
	GlobalSection(MonoDevelopProperties) = preSolution
		StartupItem = Assembly-CSharp.csproj
	EndGlobalSection
EndGlobal
